{
  "name": "node-red-project",
  "version": "0.0.1",
  "lockfileVersion": 1,
  "requires": true,
  "dependencies": {
    "node-red-contrib-boolean-logic": {
      "version": "0.0.3",
      "resolved": "https://registry.npmjs.org/node-red-contrib-boolean-logic/-/node-red-contrib-boolean-logic-0.0.3.tgz",
      "integrity": "sha1-ObgL6YZ7PO+5z+ZgwWVX0HMBvMQ="
    },
    "node-red-contrib-google-home-notify": {
      "version": "0.0.6",
      "resolved": "https://registry.npmjs.org/node-red-contrib-google-home-notify/-/node-red-contrib-google-home-notify-0.0.6.tgz",
      "integrity": "sha1-u1g3BDnCJ0WiEcFfHpqw2FUzZS0=",
      "requires": {
        "bonjour": "3.5.0",
        "google-home-notify": "0.0.3"
      },
      "dependencies": {
        "bonjour": {
          "version": "3.5.0",
          "resolved": "https://registry.npmjs.org/bonjour/-/bonjour-3.5.0.tgz",
          "integrity": "sha1-jokKGD2O6aI5OzhExpGkK897yfU=",
          "requires": {
            "array-flatten": "2.1.1",
            "deep-equal": "1.0.1",
            "dns-equal": "1.0.0",
            "dns-txt": "2.0.2",
            "multicast-dns": "6.2.2",
            "multicast-dns-service-types": "1.1.0"
          },
          "dependencies": {
            "array-flatten": {
              "version": "2.1.1",
              "resolved": "https://registry.npmjs.org/array-flatten/-/array-flatten-2.1.1.tgz",
              "integrity": "sha1-Qmu52oQJDBg42BLIFQryCoMx4pY="
            },
            "deep-equal": {
              "version": "1.0.1",
              "resolved": "https://registry.npmjs.org/deep-equal/-/deep-equal-1.0.1.tgz",
              "integrity": "sha1-9dJgKStmDghO/0zbyfCK0yR0SLU="
            },
            "dns-equal": {
              "version": "1.0.0",
              "resolved": "https://registry.npmjs.org/dns-equal/-/dns-equal-1.0.0.tgz",
              "integrity": "sha1-s55/HabrCnW6nBcySzR1PEfgZU0="
            },
            "dns-txt": {
              "version": "2.0.2",
              "resolved": "https://registry.npmjs.org/dns-txt/-/dns-txt-2.0.2.tgz",
              "integrity": "sha1-uR2Ab10nGI5Ks+fRB9iBocxGQrY=",
              "requires": {
                "buffer-indexof": "1.1.1"
              },
              "dependencies": {
                "buffer-indexof": {
                  "version": "1.1.1",
                  "resolved": "https://registry.npmjs.org/buffer-indexof/-/buffer-indexof-1.1.1.tgz",
                  "integrity": "sha1-Uvq8xqYG0aADAoAmSO9o9jnaJow="
                }
              }
            },
            "multicast-dns": {
              "version": "6.2.2",
              "resolved": "https://registry.npmjs.org/multicast-dns/-/multicast-dns-6.2.2.tgz",
              "integrity": "sha1-MAthMzYfiqryuNEkjoXDY/5blaA=",
              "requires": {
                "dns-packet": "1.3.1",
                "thunky": "0.1.0"
              },
              "dependencies": {
                "dns-packet": {
                  "version": "1.3.1",
                  "resolved": "https://registry.npmjs.org/dns-packet/-/dns-packet-1.3.1.tgz",
                  "integrity": "sha1-EqpCaYEHW+UAuRDu3NC0fdfe2lo=",
                  "requires": {
                    "ip": "1.1.5",
                    "safe-buffer": "5.1.1"
                  },
                  "dependencies": {
                    "ip": {
                      "version": "1.1.5",
                      "resolved": "https://registry.npmjs.org/ip/-/ip-1.1.5.tgz",
                      "integrity": "sha1-vd7XARQpCCjAoDnnLvJfWq7ENUo="
                    },
                    "safe-buffer": {
                      "version": "5.1.1",
                      "resolved": "https://registry.npmjs.org/safe-buffer/-/safe-buffer-5.1.1.tgz",
                      "integrity": "sha1-iTMSr2myEj3vcfV4iQAWce6yyFM="
                    }
                  }
                },
                "thunky": {
                  "version": "0.1.0",
                  "resolved": "https://registry.npmjs.org/thunky/-/thunky-0.1.0.tgz",
                  "integrity": "sha1-vzAUaCTituZ7Dy16Ssi+smkIaE4="
                }
              }
            },
            "multicast-dns-service-types": {
              "version": "1.1.0",
              "resolved": "https://registry.npmjs.org/multicast-dns-service-types/-/multicast-dns-service-types-1.1.0.tgz",
              "integrity": "sha1-iZ8R2WhuXgXLkbNdXw5jt3PPyQE="
            }
          }
        },
        "google-home-notify": {
          "version": "0.0.3",
          "resolved": "https://registry.npmjs.org/google-home-notify/-/google-home-notify-0.0.3.tgz",
          "integrity": "sha1-O/b9YBNa+HWabIml7ebLtCufMOU=",
          "requires": {
            "bluebird": "3.5.1",
            "castv2-client": "1.2.0",
            "google-tts-api": "0.0.2-alpha.1"
          },
          "dependencies": {
            "bluebird": {
              "version": "3.5.1",
              "resolved": "https://registry.npmjs.org/bluebird/-/bluebird-3.5.1.tgz",
              "integrity": "sha1-2VUfnemPH82h5oPRfukaBgLuLrk="
            },
            "castv2-client": {
              "version": "1.2.0",
              "resolved": "https://registry.npmjs.org/castv2-client/-/castv2-client-1.2.0.tgz",
              "integrity": "sha1-qRk7GlRIuMuaBBW9AhyIEe17BUQ=",
              "requires": {
                "castv2": "0.1.9",
                "debug": "2.6.9"
              },
              "dependencies": {
                "castv2": {
                  "version": "0.1.9",
                  "resolved": "https://registry.npmjs.org/castv2/-/castv2-0.1.9.tgz",
                  "integrity": "sha1-0LD6sf0GsNnMpjaIZxbsEpOlkFo=",
                  "requires": {
                    "debug": "2.6.9",
                    "protobufjs": "3.8.2"
                  },
                  "dependencies": {
                    "protobufjs": {
                      "version": "3.8.2",
                      "resolved": "https://registry.npmjs.org/protobufjs/-/protobufjs-3.8.2.tgz",
                      "integrity": "sha1-vIJuNMOvRpfo0K96Zp5NYSrtzRc=",
                      "requires": {
                        "ascli": "0.3.0",
                        "bytebuffer": "3.5.5"
                      },
                      "dependencies": {
                        "ascli": {
                          "version": "0.3.0",
                          "resolved": "https://registry.npmjs.org/ascli/-/ascli-0.3.0.tgz",
                          "integrity": "sha1-XmYjDlIZ/j6JUqTvtPIPrllqgTo=",
                          "requires": {
                            "colour": "0.7.1",
                            "optjs": "3.2.2"
                          },
                          "dependencies": {
                            "colour": {
                              "version": "0.7.1",
                              "resolved": "https://registry.npmjs.org/colour/-/colour-0.7.1.tgz",
                              "integrity": "sha1-nLFpkX7F0SwHNtPoaFdG3xyt93g="
                            },
                            "optjs": {
                              "version": "3.2.2",
                              "resolved": "https://registry.npmjs.org/optjs/-/optjs-3.2.2.tgz",
                              "integrity": "sha1-aabOicRCpEQDFBrS+bNwvVu29O4="
                            }
                          }
                        },
                        "bytebuffer": {
                          "version": "3.5.5",
                          "resolved": "https://registry.npmjs.org/bytebuffer/-/bytebuffer-3.5.5.tgz",
                          "integrity": "sha1-em+vGhNRSwg/H8+VQcTJv75+f9M=",
                          "requires": {
                            "bufferview": "1.0.1",
                            "long": "2.4.0"
                          },
                          "dependencies": {
                            "bufferview": {
                              "version": "1.0.1",
                              "resolved": "https://registry.npmjs.org/bufferview/-/bufferview-1.0.1.tgz",
                              "integrity": "sha1-ev10pF+Tf6QiodM4wIu/3HbNcl0="
                            },
                            "long": {
                              "version": "2.4.0",
                              "resolved": "https://registry.npmjs.org/long/-/long-2.4.0.tgz",
                              "integrity": "sha1-n6GAux2VAM3CnEFWdmoZleH0Uk8="
                            }
                          }
                        }
                      }
                    }
                  }
                },
                "debug": {
                  "version": "2.6.9",
                  "resolved": "https://registry.npmjs.org/debug/-/debug-2.6.9.tgz",
                  "integrity": "sha1-XRKFFd8TT/Mn6QpMk/Tgd6U2NB8=",
                  "requires": {
                    "ms": "2.0.0"
                  },
                  "dependencies": {
                    "ms": {
                      "version": "2.0.0",
                      "resolved": "https://registry.npmjs.org/ms/-/ms-2.0.0.tgz",
                      "integrity": "sha1-VgiurfwAvmwpAd9fmGF4jeDVl8g="
                    }
                  }
                }
              }
            },
            "google-tts-api": {
              "version": "0.0.2-alpha.1",
              "resolved": "https://registry.npmjs.org/google-tts-api/-/google-tts-api-0.0.2-alpha.1.tgz",
              "integrity": "sha1-M52cyzh+Zc3KhACMkj0mKgPCqQo=",
              "requires": {
                "isomorphic-fetch": "2.2.1"
              },
              "dependencies": {
                "isomorphic-fetch": {
                  "version": "2.2.1",
                  "resolved": "https://registry.npmjs.org/isomorphic-fetch/-/isomorphic-fetch-2.2.1.tgz",
                  "integrity": "sha1-YRrhrPFPXoH3KVB0coGf6XM1WKk=",
                  "requires": {
                    "node-fetch": "1.7.3",
                    "whatwg-fetch": "2.0.3"
                  },
                  "dependencies": {
                    "node-fetch": {
                      "version": "1.7.3",
                      "resolved": "https://registry.npmjs.org/node-fetch/-/node-fetch-1.7.3.tgz",
                      "integrity": "sha1-mA9vcthSEaU0fGsrwYxbhMPrR+8=",
                      "requires": {
                        "encoding": "0.1.12",
                        "is-stream": "1.1.0"
                      },
                      "dependencies": {
                        "encoding": {
                          "version": "0.1.12",
                          "resolved": "https://registry.npmjs.org/encoding/-/encoding-0.1.12.tgz",
                          "integrity": "sha1-U4tm8+5izRq1HsMjgp0flIDHS+s=",
                          "requires": {
                            "iconv-lite": "0.4.19"
                          },
                          "dependencies": {
                            "iconv-lite": {
                              "version": "0.4.19",
                              "resolved": "https://registry.npmjs.org/iconv-lite/-/iconv-lite-0.4.19.tgz",
                              "integrity": "sha1-90aPYBNfXl2tM5nAqBvpoWA6CCs="
                            }
                          }
                        },
                        "is-stream": {
                          "version": "1.1.0",
                          "resolved": "https://registry.npmjs.org/is-stream/-/is-stream-1.1.0.tgz",
                          "integrity": "sha1-EtSj3U5o4Lec6428hBc66A2RykQ="
                        }
                      }
                    },
                    "whatwg-fetch": {
                      "version": "2.0.3",
                      "resolved": "https://registry.npmjs.org/whatwg-fetch/-/whatwg-fetch-2.0.3.tgz",
                      "integrity": "sha1-nITsLc9oGH/wC8ZOEnS0QhduHIQ="
                    }
                  }
                }
              }
            }
          }
        }
      }
    },
    "node-red-contrib-traffic": {
      "version": "0.2.1",
      "resolved": "https://registry.npmjs.org/node-red-contrib-traffic/-/node-red-contrib-traffic-0.2.1.tgz",
      "integrity": "sha1-N9mp/IUq9UE9DqCTzEa7moIl5+4="
    }
  }
}
